// !$*UTF8*$!
{
	archiveVersion = 1;
	classes = {
	};
	objectVersion = 56;
	objects = {

/* Begin PBXBuildFile section */
		930C16A22960103A004C4F65 /* apple_swiftui_login_appApp.swift in Sources */ = {isa = PBXBuildFile; fileRef = 930C16A12960103A004C4F65 /* apple_swiftui_login_appApp.swift */; };
		930C16A42960103A004C4F65 /* ContentView.swift in Sources */ = {isa = PBXBuildFile; fileRef = 930C16A32960103A004C4F65 /* ContentView.swift */; };
		930C16A62960103B004C4F65 /* Assets.xcassets in Resources */ = {isa = PBXBuildFile; fileRef = 930C16A52960103B004C4F65 /* Assets.xcassets */; };
		930C16A92960103B004C4F65 /* Preview Assets.xcassets in Resources */ = {isa = PBXBuildFile; fileRef = 930C16A82960103B004C4F65 /* Preview Assets.xcassets */; };
		930C16B32960103B004C4F65 /* apple_swiftui_login_appTests.swift in Sources */ = {isa = PBXBuildFile; fileRef = 930C16B22960103B004C4F65 /* apple_swiftui_login_appTests.swift */; };
		930C16BD2960103B004C4F65 /* apple_swiftui_login_appUITests.swift in Sources */ = {isa = PBXBuildFile; fileRef = 930C16BC2960103B004C4F65 /* apple_swiftui_login_appUITests.swift */; };
		930C16BF2960103B004C4F65 /* apple_swiftui_login_appUITestsLaunchTests.swift in Sources */ = {isa = PBXBuildFile; fileRef = 930C16BE2960103B004C4F65 /* apple_swiftui_login_appUITestsLaunchTests.swift */; };
		930C16CE29756B8B004C4F65 /* FirebaseAuth in Frameworks */ = {isa = PBXBuildFile; productRef = 930C16CD29756B8B004C4F65 /* FirebaseAuth */; };
/* End PBXBuildFile section */

/* Begin PBXContainerItemProxy section */
		930C16AF2960103B004C4F65 /* PBXContainerItemProxy */ = {
			isa = PBXContainerItemProxy;
			containerPortal = 930C16962960103A004C4F65 /* Project object */;
			proxyType = 1;
			remoteGlobalIDString = 930C169D2960103A004C4F65;
			remoteInfo = "apple-swiftui-login-app";
		};
		930C16B92960103B004C4F65 /* PBXContainerItemProxy */ = {
			isa = PBXContainerItemProxy;
			containerPortal = 930C16962960103A004C4F65 /* Project object */;
			proxyType = 1;
			remoteGlobalIDString = 930C169D2960103A004C4F65;
			remoteInfo = "apple-swiftui-login-app";
		};
/* End PBXContainerItemProxy section */

/* Begin PBXFileReference section */
		930C169E2960103A004C4F65 /* apple-swiftui-login-app.app */ = {isa = PBXFileReference; explicitFileType = wrapper.application; includeInIndex = 0; path = "apple-swiftui-login-app.app"; sourceTree = BUILT_PRODUCTS_DIR; };
		930C16A12960103A004C4F65 /* apple_swiftui_login_appApp.swift */ = {isa = PBXFileReference; lastKnownFileType = sourcecode.swift; path = apple_swiftui_login_appApp.swift; sourceTree = "<group>"; };
		930C16A32960103A004C4F65 /* ContentView.swift */ = {isa = PBXFileReference; lastKnownFileType = sourcecode.swift; path = ContentView.swift; sourceTree = "<group>"; };
		930C16A52960103B004C4F65 /* Assets.xcassets */ = {isa = PBXFileReference; lastKnownFileType = folder.assetcatalog; path = Assets.xcassets; sourceTree = "<group>"; };
		930C16A82960103B004C4F65 /* Preview Assets.xcassets */ = {isa = PBXFileReference; lastKnownFileType = folder.assetcatalog; path = "Preview Assets.xcassets"; sourceTree = "<group>"; };
		930C16AE2960103B004C4F65 /* apple-swiftui-login-appTests.xctest */ = {isa = PBXFileReference; explicitFileType = wrapper.cfbundle; includeInIndex = 0; path = "apple-swiftui-login-appTests.xctest"; sourceTree = BUILT_PRODUCTS_DIR; };
		930C16B22960103B004C4F65 /* apple_swiftui_login_appTests.swift */ = {isa = PBXFileReference; lastKnownFileType = sourcecode.swift; path = apple_swiftui_login_appTests.swift; sourceTree = "<group>"; };
		930C16B82960103B004C4F65 /* apple-swiftui-login-appUITests.xctest */ = {isa = PBXFileReference; explicitFileType = wrapper.cfbundle; includeInIndex = 0; path = "apple-swiftui-login-appUITests.xctest"; sourceTree = BUILT_PRODUCTS_DIR; };
		930C16BC2960103B004C4F65 /* apple_swiftui_login_appUITests.swift */ = {isa = PBXFileReference; lastKnownFileType = sourcecode.swift; path = apple_swiftui_login_appUITests.swift; sourceTree = "<group>"; };
		930C16BE2960103B004C4F65 /* apple_swiftui_login_appUITestsLaunchTests.swift */ = {isa = PBXFileReference; lastKnownFileType = sourcecode.swift; path = apple_swiftui_login_appUITestsLaunchTests.swift; sourceTree = "<group>"; };
		930C16CB29756A8A004C4F65 /* Info.plist */ = {isa = PBXFileReference; lastKnownFileType = text.plist; path = Info.plist; sourceTree = "<group>"; };
/* End PBXFileReference section */

/* Begin PBXFrameworksBuildPhase section */
		930C169B2960103A004C4F65 /* Frameworks */ = {
			isa = PBXFrameworksBuildPhase;
			buildActionMask = 2147483647;
			files = (
				930C16CE29756B8B004C4F65 /* FirebaseAuth in Frameworks */,
			);
			runOnlyForDeploymentPostprocessing = 0;
		};
		930C16AB2960103B004C4F65 /* Frameworks */ = {
			isa = PBXFrameworksBuildPhase;
			buildActionMask = 2147483647;
			files = (
			);
			runOnlyForDeploymentPostprocessing = 0;
		};
		930C16B52960103B004C4F65 /* Frameworks */ = {
			isa = PBXFrameworksBuildPhase;
			buildActionMask = 2147483647;
			files = (
			);
			runOnlyForDeploymentPostprocessing = 0;
		};
/* End PBXFrameworksBuildPhase section */

/* Begin PBXGroup section */
		930C16952960103A004C4F65 = {
			isa = PBXGroup;
			children = (
				930C16A02960103A004C4F65 /* apple-swiftui-login-app */,
				930C16B12960103B004C4F65 /* apple-swiftui-login-appTests */,
				930C16BB2960103B004C4F65 /* apple-swiftui-login-appUITests */,
				930C169F2960103A004C4F65 /* Products */,
			);
			sourceTree = "<group>";
		};
		930C169F2960103A004C4F65 /* Products */ = {
			isa = PBXGroup;
			children = (
				930C169E2960103A004C4F65 /* apple-swiftui-login-app.app */,
				930C16AE2960103B004C4F65 /* apple-swiftui-login-appTests.xctest */,
				930C16B82960103B004C4F65 /* apple-swiftui-login-appUITests.xctest */,
			);
			name = Products;
			sourceTree = "<group>";
		};
		930C16A02960103A004C4F65 /* apple-swiftui-login-app */ = {
			isa = PBXGroup;
			children = (
				930C16CB29756A8A004C4F65 /* Info.plist */,
				930C16A12960103A004C4F65 /* apple_swiftui_login_appApp.swift */,
				930C16A32960103A004C4F65 /* ContentView.swift */,
				930C16A52960103B004C4F65 /* Assets.xcassets */,
				930C16A72960103B004C4F65 /* Preview Content */,
			);
			path = "apple-swiftui-login-app";
			sourceTree = "<group>";
		};
		930C16A72960103B004C4F65 /* Preview Content */ = {
			isa = PBXGroup;
			children = (
				930C16A82960103B004C4F65 /* Preview Assets.xcassets */,
			);
			path = "Preview Content";
			sourceTree = "<group>";
		};
		930C16B12960103B004C4F65 /* apple-swiftui-login-appTests */ = {
			isa = PBXGroup;
			children = (
				930C16B22960103B004C4F65 /* apple_swiftui_login_appTests.swift */,
			);
			path = "apple-swiftui-login-appTests";
			sourceTree = "<group>";
		};
		930C16BB2960103B004C4F65 /* apple-swiftui-login-appUITests */ = {
			isa = PBXGroup;
			children = (
				930C16BC2960103B004C4F65 /* apple_swiftui_login_appUITests.swift */,
				930C16BE2960103B004C4F65 /* apple_swiftui_login_appUITestsLaunchTests.swift */,
			);
			path = "apple-swiftui-login-appUITests";
			sourceTree = "<group>";
		};
/* End PBXGroup section */

/* Begin PBXNativeTarget section */
		930C169D2960103A004C4F65 /* apple-swiftui-login-app */ = {
			isa = PBXNativeTarget;
			buildConfigurationList = 930C16C22960103B004C4F65 /* Build configuration list for PBXNativeTarget "apple-swiftui-login-app" */;
			buildPhases = (
				930C169A2960103A004C4F65 /* Sources */,
				930C169B2960103A004C4F65 /* Frameworks */,
				930C169C2960103A004C4F65 /* Resources */,
			);
			buildRules = (
			);
			dependencies = (
			);
			name = "apple-swiftui-login-app";
			packageProductDependencies = (
				930C16CD29756B8B004C4F65 /* FirebaseAuth */,
			);
			productName = "apple-swiftui-login-app";
			productReference = 930C169E2960103A004C4F65 /* apple-swiftui-login-app.app */;
			productType = "com.apple.product-type.application";
		};
		930C16AD2960103B004C4F65 /* apple-swiftui-login-appTests */ = {
			isa = PBXNativeTarget;
			buildConfigurationList = 930C16C52960103B004C4F65 /* Build configuration list for PBXNativeTarget "apple-swiftui-login-appTests" */;
			buildPhases = (
				930C16AA2960103B004C4F65 /* Sources */,
				930C16AB2960103B004C4F65 /* Frameworks */,
				930C16AC2960103B004C4F65 /* Resources */,
			);
			buildRules = (
			);
			dependencies = (
				930C16B02960103B004C4F65 /* PBXTargetDependency */,
			);
			name = "apple-swiftui-login-appTests";
			productName = "apple-swiftui-login-appTests";
			productReference = 930C16AE2960103B004C4F65 /* apple-swiftui-login-appTests.xctest */;
			productType = "com.apple.product-type.bundle.unit-test";
		};
		930C16B72960103B004C4F65 /* apple-swiftui-login-appUITests */ = {
			isa = PBXNativeTarget;
			buildConfigurationList = 930C16C82960103B004C4F65 /* Build configuration list for PBXNativeTarget "apple-swiftui-login-appUITests" */;
			buildPhases = (
				930C16B42960103B004C4F65 /* Sources */,
				930C16B52960103B004C4F65 /* Frameworks */,
				930C16B62960103B004C4F65 /* Resources */,
			);
			buildRules = (
			);
			dependencies = (
				930C16BA2960103B004C4F65 /* PBXTargetDependency */,
			);
			name = "apple-swiftui-login-appUITests";
			productName = "apple-swiftui-login-appUITests";
			productReference = 930C16B82960103B004C4F65 /* apple-swiftui-login-appUITests.xctest */;
			productType = "com.apple.product-type.bundle.ui-testing";
		};
/* End PBXNativeTarget section */

/* Begin PBXProject section */
		930C16962960103A004C4F65 /* Project object */ = {
			isa = PBXProject;
			attributes = {
				BuildIndependentTargetsInParallel = 1;
				LastSwiftUpdateCheck = 1420;
				LastUpgradeCheck = 1420;
				TargetAttributes = {
					930C169D2960103A004C4F65 = {
						CreatedOnToolsVersion = 14.2;
					};
					930C16AD2960103B004C4F65 = {
						CreatedOnToolsVersion = 14.2;
						TestTargetID = 930C169D2960103A004C4F65;
					};
					930C16B72960103B004C4F65 = {
						CreatedOnToolsVersion = 14.2;
						TestTargetID = 930C169D2960103A004C4F65;
					};
				};
			};
			buildConfigurationList = 930C16992960103A004C4F65 /* Build configuration list for PBXProject "apple-swiftui-login-app" */;
			compatibilityVersion = "Xcode 14.0";
			developmentRegion = en;
			hasScannedForEncodings = 0;
			knownRegions = (
				en,
				Base,
			);
			mainGroup = 930C16952960103A004C4F65;
			packageReferences = (
				930C16CC29756B8B004C4F65 /* XCRemoteSwiftPackageReference "firebase-ios-sdk" */,
			);
			productRefGroup = 930C169F2960103A004C4F65 /* Products */;
			projectDirPath = "";
			projectRoot = "";
			targets = (
				930C169D2960103A004C4F65 /* apple-swiftui-login-app */,
				930C16AD2960103B004C4F65 /* apple-swiftui-login-appTests */,
				930C16B72960103B004C4F65 /* apple-swiftui-login-appUITests */,
			);
		};
/* End PBXProject section */

/* Begin PBXResourcesBuildPhase section */
		930C169C2960103A004C4F65 /* Resources */ = {
			isa = PBXResourcesBuildPhase;
			buildActionMask = 2147483647;
			files = (
				930C16A92960103B004C4F65 /* Preview Assets.xcassets in Resources */,
				930C16A62960103B004C4F65 /* Assets.xcassets in Resources */,
			);
			runOnlyForDeploymentPostprocessing = 0;
		};
		930C16AC2960103B004C4F65 /* Resources */ = {
			isa = PBXResourcesBuildPhase;
			buildActionMask = 2147483647;
			files = (
			);
			runOnlyForDeploymentPostprocessing = 0;
		};
		930C16B62960103B004C4F65 /* Resources */ = {
			isa = PBXResourcesBuildPhase;
			buildActionMask = 2147483647;
			files = (
			);
			runOnlyForDeploymentPostprocessing = 0;
		};
/* End PBXResourcesBuildPhase section */

/* Begin PBXSourcesBuildPhase section */
		930C169A2960103A004C4F65 /* Sources */ = {
			isa = PBXSourcesBuildPhase;
			buildActionMask = 2147483647;
			files = (
				930C16A42960103A004C4F65 /* ContentView.swift in Sources */,
				930C16A22960103A004C4F65 /* apple_swiftui_login_appApp.swift in Sources */,
			);
			runOnlyForDeploymentPostprocessing = 0;
		};
		930C16AA2960103B004C4F65 /* Sources */ = {
			isa = PBXSourcesBuildPhase;
			buildActionMask = 2147483647;
			files = (
				930C16B32960103B004C4F65 /* apple_swiftui_login_appTests.swift in Sources */,
			);
			runOnlyForDeploymentPostprocessing = 0;
		};
		930C16B42960103B004C4F65 /* Sources */ = {
			isa = PBXSourcesBuildPhase;
			buildActionMask = 2147483647;
			files = (
				930C16BD2960103B004C4F65 /* apple_swiftui_login_appUITests.swift in Sources */,
				930C16BF2960103B004C4F65 /* apple_swiftui_login_appUITestsLaunchTests.swift in Sources */,
			);
			runOnlyForDeploymentPostprocessing = 0;
		};
/* End PBXSourcesBuildPhase section */

/* Begin PBXTargetDependency section */
		930C16B02960103B004C4F65 /* PBXTargetDependency */ = {
			isa = PBXTargetDependency;
			target = 930C169D2960103A004C4F65 /* apple-swiftui-login-app */;
			targetProxy = 930C16AF2960103B004C4F65 /* PBXContainerItemProxy */;
		};
		930C16BA2960103B004C4F65 /* PBXTargetDependency */ = {
			isa = PBXTargetDependency;
			target = 930C169D2960103A004C4F65 /* apple-swiftui-login-app */;
			targetProxy = 930C16B92960103B004C4F65 /* PBXContainerItemProxy */;
		};
/* End PBXTargetDependency section */

/* Begin XCBuildConfiguration section */
		930C16C02960103B004C4F65 /* Debug */ = {
			isa = XCBuildConfiguration;
			buildSettings = {
				ALWAYS_SEARCH_USER_PATHS = NO;
				CLANG_ANALYZER_NONNULL = YES;
				CLANG_ANALYZER_NUMBER_OBJECT_CONVERSION = YES_AGGRESSIVE;
				CLANG_CXX_LANGUAGE_STANDARD = "gnu++20";
				CLANG_ENABLE_MODULES = YES;
				CLANG_ENABLE_OBJC_ARC = YES;
				CLANG_ENABLE_OBJC_WEAK = YES;
				CLANG_WARN_BLOCK_CAPTURE_AUTORELEASING = YES;
				CLANG_WARN_BOOL_CONVERSION = YES;
				CLANG_WARN_COMMA = YES;
				CLANG_WARN_CONSTANT_CONVERSION = YES;
				CLANG_WARN_DEPRECATED_OBJC_IMPLEMENTATIONS = YES;
				CLANG_WARN_DIRECT_OBJC_ISA_USAGE = YES_ERROR;
				CLANG_WARN_DOCUMENTATION_COMMENTS = YES;
				CLANG_WARN_EMPTY_BODY = YES;
				CLANG_WARN_ENUM_CONVERSION = YES;
				CLANG_WARN_INFINITE_RECURSION = YES;
				CLANG_WARN_INT_CONVERSION = YES;
				CLANG_WARN_NON_LITERAL_NULL_CONVERSION = YES;
				CLANG_WARN_OBJC_IMPLICIT_RETAIN_SELF = YES;
				CLANG_WARN_OBJC_LITERAL_CONVERSION = YES;
				CLANG_WARN_OBJC_ROOT_CLASS = YES_ERROR;
				CLANG_WARN_QUOTED_INCLUDE_IN_FRAMEWORK_HEADER = YES;
				CLANG_WARN_RANGE_LOOP_ANALYSIS = YES;
				CLANG_WARN_STRICT_PROTOTYPES = YES;
				CLANG_WARN_SUSPICIOUS_MOVE = YES;
				CLANG_WARN_UNGUARDED_AVAILABILITY = YES_AGGRESSIVE;
				CLANG_WARN_UNREACHABLE_CODE = YES;
				CLANG_WARN__DUPLICATE_METHOD_MATCH = YES;
				COPY_PHASE_STRIP = NO;
				DEBUG_INFORMATION_FORMAT = dwarf;
				ENABLE_STRICT_OBJC_MSGSEND = YES;
				ENABLE_TESTABILITY = YES;
				GCC_C_LANGUAGE_STANDARD = gnu11;
				GCC_DYNAMIC_NO_PIC = NO;
				GCC_NO_COMMON_BLOCKS = YES;
				GCC_OPTIMIZATION_LEVEL = 0;
				GCC_PREPROCESSOR_DEFINITIONS = (
					"DEBUG=1",
					"$(inherited)",
				);
				GCC_WARN_64_TO_32_BIT_CONVERSION = YES;
				GCC_WARN_ABOUT_RETURN_TYPE = YES_ERROR;
				GCC_WARN_UNDECLARED_SELECTOR = YES;
				GCC_WARN_UNINITIALIZED_AUTOS = YES_AGGRESSIVE;
				GCC_WARN_UNUSED_FUNCTION = YES;
				GCC_WARN_UNUSED_VARIABLE = YES;
				IPHONEOS_DEPLOYMENT_TARGET = 16.2;
				MTL_ENABLE_DEBUG_INFO = INCLUDE_SOURCE;
				MTL_FAST_MATH = YES;
				ONLY_ACTIVE_ARCH = YES;
				SDKROOT = iphoneos;
				SWIFT_ACTIVE_COMPILATION_CONDITIONS = DEBUG;
				SWIFT_OPTIMIZATION_LEVEL = "-Onone";
			};
			name = Debug;
		};
		930C16C12960103B004C4F65 /* Release */ = {
			isa = XCBuildConfiguration;
			buildSettings = {
				ALWAYS_SEARCH_USER_PATHS = NO;
				CLANG_ANALYZER_NONNULL = YES;
				CLANG_ANALYZER_NUMBER_OBJECT_CONVERSION = YES_AGGRESSIVE;
				CLANG_CXX_LANGUAGE_STANDARD = "gnu++20";
				CLANG_ENABLE_MODULES = YES;
				CLANG_ENABLE_OBJC_ARC = YES;
				CLANG_ENABLE_OBJC_WEAK = YES;
				CLANG_WARN_BLOCK_CAPTURE_AUTORELEASING = YES;
				CLANG_WARN_BOOL_CONVERSION = YES;
				CLANG_WARN_COMMA = YES;
				CLANG_WARN_CONSTANT_CONVERSION = YES;
				CLANG_WARN_DEPRECATED_OBJC_IMPLEMENTATIONS = YES;
				CLANG_WARN_DIRECT_OBJC_ISA_USAGE = YES_ERROR;
				CLANG_WARN_DOCUMENTATION_COMMENTS = YES;
				CLANG_WARN_EMPTY_BODY = YES;
				CLANG_WARN_ENUM_CONVERSION = YES;
				CLANG_WARN_INFINITE_RECURSION = YES;
				CLANG_WARN_INT_CONVERSION = YES;
				CLANG_WARN_NON_LITERAL_NULL_CONVERSION = YES;
				CLANG_WARN_OBJC_IMPLICIT_RETAIN_SELF = YES;
				CLANG_WARN_OBJC_LITERAL_CONVERSION = YES;
				CLANG_WARN_OBJC_ROOT_CLASS = YES_ERROR;
				CLANG_WARN_QUOTED_INCLUDE_IN_FRAMEWORK_HEADER = YES;
				CLANG_WARN_RANGE_LOOP_ANALYSIS = YES;
				CLANG_WARN_STRICT_PROTOTYPES = YES;
				CLANG_WARN_SUSPICIOUS_MOVE = YES;
				CLANG_WARN_UNGUARDED_AVAILABILITY = YES_AGGRESSIVE;
				CLANG_WARN_UNREACHABLE_CODE = YES;
				CLANG_WARN__DUPLICATE_METHOD_MATCH = YES;
				COPY_PHASE_STRIP = NO;
				DEBUG_INFORMATION_FORMAT = "dwarf-with-dsym";
				ENABLE_NS_ASSERTIONS = NO;
				ENABLE_STRICT_OBJC_MSGSEND = YES;
				GCC_C_LANGUAGE_STANDARD = gnu11;
				GCC_NO_COMMON_BLOCKS = YES;
				GCC_WARN_64_TO_32_BIT_CONVERSION = YES;
				GCC_WARN_ABOUT_RETURN_TYPE = YES_ERROR;
				GCC_WARN_UNDECLARED_SELECTOR = YES;
				GCC_WARN_UNINITIALIZED_AUTOS = YES_AGGRESSIVE;
				GCC_WARN_UNUSED_FUNCTION = YES;
				GCC_WARN_UNUSED_VARIABLE = YES;
				IPHONEOS_DEPLOYMENT_TARGET = 16.2;
				MTL_ENABLE_DEBUG_INFO = NO;
				MTL_FAST_MATH = YES;
				SDKROOT = iphoneos;
				SWIFT_COMPILATION_MODE = wholemodule;
				SWIFT_OPTIMIZATION_LEVEL = "-O";
				VALIDATE_PRODUCT = YES;
			};
			name = Release;
		};
		930C16C32960103B004C4F65 /* Debug */ = {
			isa = XCBuildConfiguration;
			buildSettings = {
				ASSETCATALOG_COMPILER_APPICON_NAME = AppIcon;
				ASSETCATALOG_COMPILER_GLOBAL_ACCENT_COLOR_NAME = AccentColor;
				CODE_SIGN_STYLE = Automatic;
				CURRENT_PROJECT_VERSION = 1;
				DEVELOPMENT_ASSET_PATHS = "\"apple-swiftui-login-app/Preview Content\"";
				DEVELOPMENT_TEAM = 2U3BW2PY7Z;
				ENABLE_PREVIEWS = YES;
				GENERATE_INFOPLIST_FILE = YES;
				INFOPLIST_FILE = "apple-swiftui-login-app/Info.plist";
				INFOPLIST_KEY_UIApplicationSceneManifest_Generation = YES;
				INFOPLIST_KEY_UIApplicationSupportsIndirectInputEvents = YES;
				INFOPLIST_KEY_UILaunchScreen_Generation = YES;
				INFOPLIST_KEY_UISupportedInterfaceOrientations_iPad = "UIInterfaceOrientationPortrait UIInterfaceOrientationPortraitUpsideDown UIInterfaceOrientationLandscapeLeft UIInterfaceOrientationLandscapeRight";
				INFOPLIST_KEY_UISupportedInterfaceOrientations_iPhone = "UIInterfaceOrientationPortrait UIInterfaceOrientationLandscapeLeft UIInterfaceOrientationLandscapeRight";
				LD_RUNPATH_SEARCH_PATHS = (
					"$(inherited)",
					"@executable_path/Frameworks",
				);
				MARKETING_VERSION = 1.0;
				PRODUCT_BUNDLE_IDENTIFIER = "self-project.apple-swiftui-login-app";
				PRODUCT_NAME = "$(TARGET_NAME)";
				SWIFT_EMIT_LOC_STRINGS = YES;
				SWIFT_VERSION = 5.0;
				TARGETED_DEVICE_FAMILY = "1,2";
			};
			name = Debug;
		};
		930C16C42960103B004C4F65 /* Release */ = {
			isa = XCBuildConfiguration;
			buildSettings = {
				ASSETCATALOG_COMPILER_APPICON_NAME = AppIcon;
				ASSETCATALOG_COMPILER_GLOBAL_ACCENT_COLOR_NAME = AccentColor;
				CODE_SIGN_STYLE = Automatic;
				CURRENT_PROJECT_VERSION = 1;
				DEVELOPMENT_ASSET_PATHS = "\"apple-swiftui-login-app/Preview Content\"";
				DEVELOPMENT_TEAM = 2U3BW2PY7Z;
				ENABLE_PREVIEWS = YES;
				GENERATE_INFOPLIST_FILE = YES;
				INFOPLIST_FILE = "apple-swiftui-login-app/Info.plist";
				INFOPLIST_KEY_UIApplicationSceneManifest_Generation = YES;
				INFOPLIST_KEY_UIApplicationSupportsIndirectInputEvents = YES;
				INFOPLIST_KEY_UILaunchScreen_Generation = YES;
				INFOPLIST_KEY_UISupportedInterfaceOrientations_iPad = "UIInterfaceOrientationPortrait UIInterfaceOrientationPortraitUpsideDown UIInterfaceOrientationLandscapeLeft UIInterfaceOrientationLandscapeRight";
				INFOPLIST_KEY_UISupportedInterfaceOrientations_iPhone = "UIInterfaceOrientationPortrait UIInterfaceOrientationLandscapeLeft UIInterfaceOrientationLandscapeRight";
				LD_RUNPATH_SEARCH_PATHS = (
					"$(inherited)",
					"@executable_path/Frameworks",
				);
				MARKETING_VERSION = 1.0;
				PRODUCT_BUNDLE_IDENTIFIER = "self-project.apple-swiftui-login-app";
				PRODUCT_NAME = "$(TARGET_NAME)";
				SWIFT_EMIT_LOC_STRINGS = YES;
				SWIFT_VERSION = 5.0;
				TARGETED_DEVICE_FAMILY = "1,2";
			};
			name = Release;
		};
		930C16C62960103B004C4F65 /* Debug */ = {
			isa = XCBuildConfiguration;
			buildSettings = {
				ALWAYS_EMBED_SWIFT_STANDARD_LIBRARIES = YES;
				BUNDLE_LOADER = "$(TEST_HOST)";
				CODE_SIGN_STYLE = Automatic;
				CURRENT_PROJECT_VERSION = 1;
				DEVELOPMENT_TEAM = 2U3BW2PY7Z;
				GENERATE_INFOPLIST_FILE = YES;
				IPHONEOS_DEPLOYMENT_TARGET = 16.2;
				MARKETING_VERSION = 1.0;
				PRODUCT_BUNDLE_IDENTIFIER = "self-project.apple-swiftui-login-appTests";
				PRODUCT_NAME = "$(TARGET_NAME)";
				SWIFT_EMIT_LOC_STRINGS = NO;
				SWIFT_VERSION = 5.0;
				TARGETED_DEVICE_FAMILY = "1,2";
				TEST_HOST = "$(BUILT_PRODUCTS_DIR)/apple-swiftui-login-app.app/$(BUNDLE_EXECUTABLE_FOLDER_PATH)/apple-swiftui-login-app";
			};
			name = Debug;
		};
		930C16C72960103B004C4F65 /* Release */ = {
			isa = XCBuildConfiguration;
			buildSettings = {
				ALWAYS_EMBED_SWIFT_STANDARD_LIBRARIES = YES;
				BUNDLE_LOADER = "$(TEST_HOST)";
				CODE_SIGN_STYLE = Automatic;
				CURRENT_PROJECT_VERSION = 1;
				DEVELOPMENT_TEAM = 2U3BW2PY7Z;
				GENERATE_INFOPLIST_FILE = YES;
				IPHONEOS_DEPLOYMENT_TARGET = 16.2;
				MARKETING_VERSION = 1.0;
				PRODUCT_BUNDLE_IDENTIFIER = "self-project.apple-swiftui-login-appTests";
				PRODUCT_NAME = "$(TARGET_NAME)";
				SWIFT_EMIT_LOC_STRINGS = NO;
				SWIFT_VERSION = 5.0;
				TARGETED_DEVICE_FAMILY = "1,2";
				TEST_HOST = "$(BUILT_PRODUCTS_DIR)/apple-swiftui-login-app.app/$(BUNDLE_EXECUTABLE_FOLDER_PATH)/apple-swiftui-login-app";
			};
			name = Release;
		};
		930C16C92960103B004C4F65 /* Debug */ = {
			isa = XCBuildConfiguration;
			buildSettings = {
				ALWAYS_EMBED_SWIFT_STANDARD_LIBRARIES = YES;
				CODE_SIGN_STYLE = Automatic;
				CURRENT_PROJECT_VERSION = 1;
				DEVELOPMENT_TEAM = 2U3BW2PY7Z;
				GENERATE_INFOPLIST_FILE = YES;
				MARKETING_VERSION = 1.0;
				PRODUCT_BUNDLE_IDENTIFIER = "self-project.apple-swiftui-login-appUITests";
				PRODUCT_NAME = "$(TARGET_NAME)";
				SWIFT_EMIT_LOC_STRINGS = NO;
				SWIFT_VERSION = 5.0;
				TARGETED_DEVICE_FAMILY = "1,2";
				TEST_TARGET_NAME = "apple-swiftui-login-app";
			};
			name = Debug;
		};
		930C16CA2960103B004C4F65 /* Release */ = {
			isa = XCBuildConfiguration;
			buildSettings = {
				ALWAYS_EMBED_SWIFT_STANDARD_LIBRARIES = YES;
				CODE_SIGN_STYLE = Automatic;
				CURRENT_PROJECT_VERSION = 1;
				DEVELOPMENT_TEAM = 2U3BW2PY7Z;
				GENERATE_INFOPLIST_FILE = YES;
				MARKETING_VERSION = 1.0;
				PRODUCT_BUNDLE_IDENTIFIER = "self-project.apple-swiftui-login-appUITests";
				PRODUCT_NAME = "$(TARGET_NAME)";
				SWIFT_EMIT_LOC_STRINGS = NO;
				SWIFT_VERSION = 5.0;
				TARGETED_DEVICE_FAMILY = "1,2";
				TEST_TARGET_NAME = "apple-swiftui-login-app";
			};
			name = Release;
		};
/* End XCBuildConfiguration section */

/* Begin XCConfigurationList section */
		930C16992960103A004C4F65 /* Build configuration list for PBXProject "apple-swiftui-login-app" */ = {
			isa = XCConfigurationList;
			buildConfigurations = (
				930C16C02960103B004C4F65 /* Debug */,
				930C16C12960103B004C4F65 /* Release */,
			);
			defaultConfigurationIsVisible = 0;
			defaultConfigurationName = Release;
		};
		930C16C22960103B004C4F65 /* Build configuration list for PBXNativeTarget "apple-swiftui-login-app" */ = {
			isa = XCConfigurationList;
			buildConfigurations = (
				930C16C32960103B004C4F65 /* Debug */,
				930C16C42960103B004C4F65 /* Release */,
			);
			defaultConfigurationIsVisible = 0;
			defaultConfigurationName = Release;
		};
		930C16C52960103B004C4F65 /* Build configuration list for PBXNativeTarget "apple-swiftui-login-appTests" */ = {
			isa = XCConfigurationList;
			buildConfigurations = (
				930C16C62960103B004C4F65 /* Debug */,
				930C16C72960103B004C4F65 /* Release */,
			);
			defaultConfigurationIsVisible = 0;
			defaultConfigurationName = Release;
		};
		930C16C82960103B004C4F65 /* Build configuration list for PBXNativeTarget "apple-swiftui-login-appUITests" */ = {
			isa = XCConfigurationList;
			buildConfigurations = (
				930C16C92960103B004C4F65 /* Debug */,
				930C16CA2960103B004C4F65 /* Release */,
			);
			defaultConfigurationIsVisible = 0;
			defaultConfigurationName = Release;
		};
/* End XCConfigurationList section */

/* Begin XCRemoteSwiftPackageReference section */
		930C16CC29756B8B004C4F65 /* XCRemoteSwiftPackageReference "firebase-ios-sdk" */ = {
			isa = XCRemoteSwiftPackageReference;
			repositoryURL = "https://github.com/firebase/firebase-ios-sdk";
			requirement = {
				kind = upToNextMajorVersion;
				minimumVersion = 9.0.0;
			};
		};
/* End XCRemoteSwiftPackageReference section */

/* Begin XCSwiftPackageProductDependency section */
		930C16CD29756B8B004C4F65 /* FirebaseAuth */ = {
			isa = XCSwiftPackageProductDependency;
			package = 930C16CC29756B8B004C4F65 /* XCRemoteSwiftPackageReference "firebase-ios-sdk" */;
			productName = FirebaseAuth;
		};
/* End XCSwiftPackageProductDependency section */
	};
	rootObject = 930C16962960103A004C4F65 /* Project object */;
}
